<?xml version="1.0" encoding="utf-8"?>
<Project ToolsVersion="17.0" xmlns="http://schemas.microsoft.com/developer/msbuild/2003">
  <ItemGroup>
    <ClCompile Include="C:\Users\Nifilim-Server#1\Documents\GTA5rpVirt\src\main.cpp">
      <Filter>Source Files</Filter>
    </ClCompile>
    <ClCompile Include="C:\Users\Nifilim-Server#1\Documents\GTA5rpVirt\src\ScreenScaner.cpp">
      <Filter>Source Files</Filter>
    </ClCompile>
    <ClCompile Include="C:\Users\Nifilim-Server#1\Documents\GTA5rpVirt\src\utils.c">
      <Filter>Source Files</Filter>
    </ClCompile>
  </ItemGroup>
  <ItemGroup>
    <ClInclude Include="C:\Users\Nifilim-Server#1\Documents\GTA5rpVirt\src\VirtApp.h">
      <Filter>Header Files</Filter>
    </ClInclude>
    <ClInclude Include="C:\Users\Nifilim-Server#1\Documents\GTA5rpVirt\src\ScreenScaner.h">
      <Filter>Header Files</Filter>
    </ClInclude>
    <ClInclude Include="C:\Users\Nifilim-Server#1\Documents\GTA5rpVirt\src\utils.h">
      <Filter>Header Files</Filter>
    </ClInclude>
  </ItemGroup>
  <ItemGroup>
    <CustomBuild Include="C:\Users\Nifilim-Server#1\Documents\GTA5rpVirt\CMakeLists.txt" />
  </ItemGroup>
  <ItemGroup>
    <Filter Include="Header Files">
      <UniqueIdentifier>{673B6A0C-BD9F-336D-AA30-71E3AD668C5A}</UniqueIdentifier>
    </Filter>
    <Filter Include="Source Files">
      <UniqueIdentifier>{3FC90E85-A380-361C-A24B-364574D9BB46}</UniqueIdentifier>
    </Filter>
  </ItemGroup>
</Project>
