<?xml version="1.0" encoding="utf-8"?>
<Project ToolsVersion="17.0" xmlns="http://schemas.microsoft.com/developer/msbuild/2003">
  <ItemGroup>
    <ClCompile Include="C:\Users\danii\source\repos\VirtAppCMake\VirtAppCMake.cpp">
      <Filter>Source Files</Filter>
    </ClCompile>
    <ClCompile Include="C:\Users\danii\source\repos\VirtAppCMake\ScreenScaner.cpp">
      <Filter>Source Files</Filter>
    </ClCompile>
    <ClCompile Include="C:\Users\danii\source\repos\VirtAppCMake\utils.c">
      <Filter>Source Files</Filter>
    </ClCompile>
  </ItemGroup>
  <ItemGroup>
    <ClInclude Include="C:\Users\danii\source\repos\VirtAppCMake\VirtAppCMake.h">
      <Filter>Header Files</Filter>
    </ClInclude>
    <ClInclude Include="C:\Users\danii\source\repos\VirtAppCMake\ScreenScaner.h">
      <Filter>Header Files</Filter>
    </ClInclude>
    <ClInclude Include="C:\Users\danii\source\repos\VirtAppCMake\utils.h">
      <Filter>Header Files</Filter>
    </ClInclude>
  </ItemGroup>
  <ItemGroup>
    <CustomBuild Include="C:\Users\danii\source\repos\VirtAppCMake\CMakeLists.txt" />
  </ItemGroup>
  <ItemGroup>
    <Filter Include="Header Files">
      <UniqueIdentifier>{3FB7A25F-1EB3-319A-82F4-B26D3954E966}</UniqueIdentifier>
    </Filter>
    <Filter Include="Source Files">
      <UniqueIdentifier>{DE941203-A0C1-3229-B70C-C8094FDB988B}</UniqueIdentifier>
    </Filter>
  </ItemGroup>
</Project>
