<?xml version="1.0" encoding="utf-8"?>
<Project ToolsVersion="17.0" xmlns="http://schemas.microsoft.com/developer/msbuild/2003">
  <ItemGroup>
    <CustomBuild Include="C:\BotBuildPath\Bot\CMakeFiles\c4ca111db6e5748a69468101b382f3f3\generate.stamp.rule">
      <Filter>CMake Rules</Filter>
    </CustomBuild>
  </ItemGroup>
  <ItemGroup>
    <Filter Include="CMake Rules">
      <UniqueIdentifier>{06D0E79F-935F-35D0-AAA9-2E3861B8126D}</UniqueIdentifier>
    </Filter>
  </ItemGroup>
</Project>
